
Microsoft Visual Studio Solution File, Format Version 12.00
# Visual Studio 15
VisualStudioVersion = 15.0.28307.329
MinimumVisualStudioVersion = 10.0.40219.1
Project("{FAE04EC0-301F-11D3-BF4B-00C04F79EFBC}") = "UsingGlobalVariables", "UsingGlobalVariables\UsingGlobalVariables.csproj", "{24611263-40CC-42F6-AE7D-F808A8597FD4}"
EndProject
Project("{FAE04EC0-301F-11D3-BF4B-00C04F79EFBC}") = "PassingStateViaRefParameters", "PassingStateViaRefParameters\PassingStateViaRefParameters.csproj", "{E2342416-D50A-4EED-B43C-D7E13EAF6F77}"
EndProject
Project("{FAE04EC0-301F-11D3-BF4B-00C04F79EFBC}") = "PassingStateViaRefParametersWithIOC", "PassingStateViaRefParametersWithIOC\PassingStateViaRefParametersWithIOC.csproj", "{F5FECA5D-DABD-4D11-AC57-DED694F618D0}"
EndProject
Project("{FAE04EC0-301F-11D3-BF4B-00C04F79EFBC}") = "MultithreadingAndRefStateParameters", "MultithreadingAndRefStateParameters\MultithreadingAndRefStateParameters.csproj", "{73660AFF-39A8-4A88-8F4E-A7E5B7FCFC05}"
EndProject
Project("{FAE04EC0-301F-11D3-BF4B-00C04F79EFBC}") = "MultithreadingAndRefStateParametersAndLockStatement", "MultithreadingAndRefStateParametersAndLockStatement\MultithreadingAndRefStateParametersAndLockStatement.csproj", "{FEDD300A-4B85-4AD0-AAAA-5E8FD7C5B932}"
EndProject
Project("{FAE04EC0-301F-11D3-BF4B-00C04F79EFBC}") = "MultithreadingAndRefStateParametersAndComplexCAS", "MultithreadingAndRefStateParametersAndComplexCAS\MultithreadingAndRefStateParametersAndComplexCAS.csproj", "{AB453C4A-4D6C-4D08-AB25-91DAE326FD5E}"
EndProject
Global
	GlobalSection(SolutionConfigurationPlatforms) = preSolution
		Debug|Any CPU = Debug|Any CPU
		Release|Any CPU = Release|Any CPU
	EndGlobalSection
	GlobalSection(ProjectConfigurationPlatforms) = postSolution
		{24611263-40CC-42F6-AE7D-F808A8597FD4}.Debug|Any CPU.ActiveCfg = Debug|Any CPU
		{24611263-40CC-42F6-AE7D-F808A8597FD4}.Debug|Any CPU.Build.0 = Debug|Any CPU
		{24611263-40CC-42F6-AE7D-F808A8597FD4}.Release|Any CPU.ActiveCfg = Release|Any CPU
		{24611263-40CC-42F6-AE7D-F808A8597FD4}.Release|Any CPU.Build.0 = Release|Any CPU
		{E2342416-D50A-4EED-B43C-D7E13EAF6F77}.Debug|Any CPU.ActiveCfg = Debug|Any CPU
		{E2342416-D50A-4EED-B43C-D7E13EAF6F77}.Debug|Any CPU.Build.0 = Debug|Any CPU
		{E2342416-D50A-4EED-B43C-D7E13EAF6F77}.Release|Any CPU.ActiveCfg = Release|Any CPU
		{E2342416-D50A-4EED-B43C-D7E13EAF6F77}.Release|Any CPU.Build.0 = Release|Any CPU
		{F5FECA5D-DABD-4D11-AC57-DED694F618D0}.Debug|Any CPU.ActiveCfg = Debug|Any CPU
		{F5FECA5D-DABD-4D11-AC57-DED694F618D0}.Debug|Any CPU.Build.0 = Debug|Any CPU
		{F5FECA5D-DABD-4D11-AC57-DED694F618D0}.Release|Any CPU.ActiveCfg = Release|Any CPU
		{F5FECA5D-DABD-4D11-AC57-DED694F618D0}.Release|Any CPU.Build.0 = Release|Any CPU
		{73660AFF-39A8-4A88-8F4E-A7E5B7FCFC05}.Debug|Any CPU.ActiveCfg = Debug|Any CPU
		{73660AFF-39A8-4A88-8F4E-A7E5B7FCFC05}.Debug|Any CPU.Build.0 = Debug|Any CPU
		{73660AFF-39A8-4A88-8F4E-A7E5B7FCFC05}.Release|Any CPU.ActiveCfg = Release|Any CPU
		{73660AFF-39A8-4A88-8F4E-A7E5B7FCFC05}.Release|Any CPU.Build.0 = Release|Any CPU
		{FEDD300A-4B85-4AD0-AAAA-5E8FD7C5B932}.Debug|Any CPU.ActiveCfg = Debug|Any CPU
		{FEDD300A-4B85-4AD0-AAAA-5E8FD7C5B932}.Debug|Any CPU.Build.0 = Debug|Any CPU
		{FEDD300A-4B85-4AD0-AAAA-5E8FD7C5B932}.Release|Any CPU.ActiveCfg = Release|Any CPU
		{FEDD300A-4B85-4AD0-AAAA-5E8FD7C5B932}.Release|Any CPU.Build.0 = Release|Any CPU
		{AB453C4A-4D6C-4D08-AB25-91DAE326FD5E}.Debug|Any CPU.ActiveCfg = Debug|Any CPU
		{AB453C4A-4D6C-4D08-AB25-91DAE326FD5E}.Debug|Any CPU.Build.0 = Debug|Any CPU
		{AB453C4A-4D6C-4D08-AB25-91DAE326FD5E}.Release|Any CPU.ActiveCfg = Release|Any CPU
		{AB453C4A-4D6C-4D08-AB25-91DAE326FD5E}.Release|Any CPU.Build.0 = Release|Any CPU
	EndGlobalSection
	GlobalSection(SolutionProperties) = preSolution
		HideSolutionNode = FALSE
	EndGlobalSection
	GlobalSection(ExtensibilityGlobals) = postSolution
		SolutionGuid = {7CA61C05-D973-47E7-B44B-EA9A587D92C4}
	EndGlobalSection
EndGlobal
